
Microsoft Visual Studio Solution File, Format Version 12.00
# Visual Studio 15
VisualStudioVersion = 15.0.27130.2027
MinimumVisualStudioVersion = 10.0.40219.1
Project("{8BC9CEB8-8B4A-11D0-8D11-00A0C91BC942}") = "RogueHammer", "RogueHammer\RogueHammer.vcxproj", "{9539AAB1-3F45-4364-AAB6-7D4B20C769CD}"
EndProject
Global
	GlobalSection(SolutionConfigurationPlatforms) = preSolution
		Debug|x64 = Debug|x64
		Debug|x86 = Debug|x86
		Release|x64 = Release|x64
		Release|x86 = Release|x86
	EndGlobalSection
	GlobalSection(ProjectConfigurationPlatforms) = postSolution
		{9539AAB1-3F45-4364-AAB6-7D4B20C769CD}.Debug|x64.ActiveCfg = Debug|x64
		{9539AAB1-3F45-4364-AAB6-7D4B20C769CD}.Debug|x64.Build.0 = Debug|x64
		{9539AAB1-3F45-4364-AAB6-7D4B20C769CD}.Debug|x86.ActiveCfg = Debug|Win32
		{9539AAB1-3F45-4364-AAB6-7D4B20C769CD}.Debug|x86.Build.0 = Debug|Win32
		{9539AAB1-3F45-4364-AAB6-7D4B20C769CD}.Release|x64.ActiveCfg = Release|x64
		{9539AAB1-3F45-4364-AAB6-7D4B20C769CD}.Release|x64.Build.0 = Release|x64
		{9539AAB1-3F45-4364-AAB6-7D4B20C769CD}.Release|x86.ActiveCfg = Release|Win32
		{9539AAB1-3F45-4364-AAB6-7D4B20C769CD}.Release|x86.Build.0 = Release|Win32
	EndGlobalSection
	GlobalSection(SolutionProperties) = preSolution
		HideSolutionNode = FALSE
	EndGlobalSection
	GlobalSection(ExtensibilityGlobals) = postSolution
		SolutionGuid = {4FD2BD8B-E37C-4995-BDF0-952B7F8E3A5C}
	EndGlobalSection
EndGlobal
